
Microsoft Visual Studio Solution File, Format Version 12.00
# Visual Studio 14
VisualStudioVersion = 14.0.24720.0
MinimumVisualStudioVersion = 10.0.40219.1
Project("{FAE04EC0-301F-11D3-BF4B-00C04F79EFBC}") = "TestsHost", "TestsHost\TestsHost.csproj", "{8B8E8509-4477-49CE-BC83-038C2AAF2277}"
	ProjectSection(ProjectDependencies) = postProject
		{84BDBF08-1DC4-4A9C-BBBD-21E7AA50EE2E} = {84BDBF08-1DC4-4A9C-BBBD-21E7AA50EE2E}
		{DDFDF01C-A8B8-4183-89A7-EEC32BA93272} = {DDFDF01C-A8B8-4183-89A7-EEC32BA93272}
		{435CD137-AD8A-461C-87F4-61CDB4354652} = {435CD137-AD8A-461C-87F4-61CDB4354652}
		{B818373F-598B-41DD-8C82-A8B8CFF05DC7} = {B818373F-598B-41DD-8C82-A8B8CFF05DC7}
		{6C22715B-49F6-4A38-9023-B0E3C2BB31C1} = {6C22715B-49F6-4A38-9023-B0E3C2BB31C1}
		{8BBEE860-8DAC-41AB-8581-44DF425D492D} = {8BBEE860-8DAC-41AB-8581-44DF425D492D}
		{DCEAD66D-B1BE-4DBB-820B-83E4A79005D5} = {DCEAD66D-B1BE-4DBB-820B-83E4A79005D5}
		{380AD270-985D-41EE-93D3-559643CC4AC0} = {380AD270-985D-41EE-93D3-559643CC4AC0}
		{27DEBAB3-C10D-433E-9980-7112FB927A20} = {27DEBAB3-C10D-433E-9980-7112FB927A20}
		{CC8D64B8-9882-4F72-97FB-6A6F91E76B89} = {CC8D64B8-9882-4F72-97FB-6A6F91E76B89}
		{039D9FBA-CF29-4852-A84A-B361A718CF4E} = {039D9FBA-CF29-4852-A84A-B361A718CF4E}
		{6DF545D7-CF74-4A41-AD96-525E6BC64A5A} = {6DF545D7-CF74-4A41-AD96-525E6BC64A5A}
	EndProjectSection
EndProject
Project("{FAE04EC0-301F-11D3-BF4B-00C04F79EFBC}") = "IntermediateData", "IntermediateData\IntermediateData.csproj", "{671FA580-CC30-48E9-A44C-B5B4D4124AEB}"
EndProject
Project("{FAE04EC0-301F-11D3-BF4B-00C04F79EFBC}") = "ScenarioAsync", "ScenarioAsync\ScenarioAsync.csproj", "{6DF545D7-CF74-4A41-AD96-525E6BC64A5A}"
EndProject
Project("{FAE04EC0-301F-11D3-BF4B-00C04F79EFBC}") = "ScenarioSyncAsParallel", "ScenarioSyncAsParallel\ScenarioSyncAsParallel.csproj", "{039D9FBA-CF29-4852-A84A-B361A718CF4E}"
EndProject
Project("{FAE04EC0-301F-11D3-BF4B-00C04F79EFBC}") = "ScenarioNewThread", "ScenarioNewThread\ScenarioNewThread.csproj", "{435CD137-AD8A-461C-87F4-61CDB4354652}"
EndProject
Project("{FAE04EC0-301F-11D3-BF4B-00C04F79EFBC}") = "ScenarioAsync2", "ScenarioAsync2\ScenarioAsync2.csproj", "{DCEAD66D-B1BE-4DBB-820B-83E4A79005D5}"
EndProject
Project("{FAE04EC0-301F-11D3-BF4B-00C04F79EFBC}") = "ScenarioReadAllAsParallel", "ScenarioReadAllAsParallel\ScenarioReadAllAsParallel.csproj", "{B818373F-598B-41DD-8C82-A8B8CFF05DC7}"
EndProject
Project("{D954291E-2A0B-460D-934E-DC6B0785DB48}") = "ScenarioAsyncWithMaxParallelCount", "ScenarioAsyncWithMaxParallelCount\ScenarioAsyncWithMaxParallelCount.shproj", "{71DAB955-3CB5-4EAA-BC80-7B204F513078}"
EndProject
Project("{FAE04EC0-301F-11D3-BF4B-00C04F79EFBC}") = "ScenarioAsyncWithMaxParallelCount4", "ScenarioAsyncWithMaxParallelCount4\ScenarioAsyncWithMaxParallelCount4.csproj", "{6C22715B-49F6-4A38-9023-B0E3C2BB31C1}"
EndProject
Project("{FAE04EC0-301F-11D3-BF4B-00C04F79EFBC}") = "ScenarioAsyncWithMaxParallelCount8", "ScenarioAsyncWithMaxParallelCount8\ScenarioAsyncWithMaxParallelCount8.csproj", "{CC8D64B8-9882-4F72-97FB-6A6F91E76B89}"
EndProject
Project("{FAE04EC0-301F-11D3-BF4B-00C04F79EFBC}") = "ScenarioAsyncWithMaxParallelCount16", "ScenarioAsyncWithMaxParallelCount16\ScenarioAsyncWithMaxParallelCount16.csproj", "{380AD270-985D-41EE-93D3-559643CC4AC0}"
EndProject
Project("{FAE04EC0-301F-11D3-BF4B-00C04F79EFBC}") = "ScenarioAsyncWithMaxParallelCount32", "ScenarioAsyncWithMaxParallelCount32\ScenarioAsyncWithMaxParallelCount32.csproj", "{27DEBAB3-C10D-433E-9980-7112FB927A20}"
EndProject
Project("{FAE04EC0-301F-11D3-BF4B-00C04F79EFBC}") = "ScenarioAsyncWithMaxParallelCount64", "ScenarioAsyncWithMaxParallelCount64\ScenarioAsyncWithMaxParallelCount64.csproj", "{84BDBF08-1DC4-4A9C-BBBD-21E7AA50EE2E}"
EndProject
Project("{FAE04EC0-301F-11D3-BF4B-00C04F79EFBC}") = "ScenarioAsyncWithMaxParallelCount128", "ScenarioAsyncWithMaxParallelCount128\ScenarioAsyncWithMaxParallelCount128.csproj", "{8BBEE860-8DAC-41AB-8581-44DF425D492D}"
EndProject
Project("{FAE04EC0-301F-11D3-BF4B-00C04F79EFBC}") = "ScenarioAsyncWithMaxParallelCount256", "ScenarioAsyncWithMaxParallelCount256\ScenarioAsyncWithMaxParallelCount256.csproj", "{DDFDF01C-A8B8-4183-89A7-EEC32BA93272}"
EndProject
Global
	GlobalSection(SharedMSBuildProjectFiles) = preSolution
		ScenarioAsyncWithMaxParallelCount\ScenarioAsyncWithMaxParallelCount.projitems*{6c22715b-49f6-4a38-9023-b0e3c2bb31c1}*SharedItemsImports = 4
		ScenarioAsyncWithMaxParallelCount\ScenarioAsyncWithMaxParallelCount.projitems*{27debab3-c10d-433e-9980-7112fb927a20}*SharedItemsImports = 4
		ScenarioAsyncWithMaxParallelCount\ScenarioAsyncWithMaxParallelCount.projitems*{ddfdf01c-a8b8-4183-89a7-eec32ba93272}*SharedItemsImports = 4
		ScenarioAsyncWithMaxParallelCount\ScenarioAsyncWithMaxParallelCount.projitems*{84bdbf08-1dc4-4a9c-bbbd-21e7aa50ee2e}*SharedItemsImports = 4
		ScenarioAsyncWithMaxParallelCount\ScenarioAsyncWithMaxParallelCount.projitems*{380ad270-985d-41ee-93d3-559643cc4ac0}*SharedItemsImports = 4
		ScenarioAsyncWithMaxParallelCount\ScenarioAsyncWithMaxParallelCount.projitems*{71dab955-3cb5-4eaa-bc80-7b204f513078}*SharedItemsImports = 13
		ScenarioAsyncWithMaxParallelCount\ScenarioAsyncWithMaxParallelCount.projitems*{cc8d64b8-9882-4f72-97fb-6a6f91e76b89}*SharedItemsImports = 4
		ScenarioAsyncWithMaxParallelCount\ScenarioAsyncWithMaxParallelCount.projitems*{8bbee860-8dac-41ab-8581-44df425d492d}*SharedItemsImports = 4
	EndGlobalSection
	GlobalSection(SolutionConfigurationPlatforms) = preSolution
		Debug|Any CPU = Debug|Any CPU
		Release|Any CPU = Release|Any CPU
	EndGlobalSection
	GlobalSection(ProjectConfigurationPlatforms) = postSolution
		{8B8E8509-4477-49CE-BC83-038C2AAF2277}.Debug|Any CPU.ActiveCfg = Debug|Any CPU
		{8B8E8509-4477-49CE-BC83-038C2AAF2277}.Debug|Any CPU.Build.0 = Debug|Any CPU
		{8B8E8509-4477-49CE-BC83-038C2AAF2277}.Release|Any CPU.ActiveCfg = Release|Any CPU
		{8B8E8509-4477-49CE-BC83-038C2AAF2277}.Release|Any CPU.Build.0 = Release|Any CPU
		{671FA580-CC30-48E9-A44C-B5B4D4124AEB}.Debug|Any CPU.ActiveCfg = Debug|Any CPU
		{671FA580-CC30-48E9-A44C-B5B4D4124AEB}.Debug|Any CPU.Build.0 = Debug|Any CPU
		{671FA580-CC30-48E9-A44C-B5B4D4124AEB}.Release|Any CPU.ActiveCfg = Release|Any CPU
		{671FA580-CC30-48E9-A44C-B5B4D4124AEB}.Release|Any CPU.Build.0 = Release|Any CPU
		{6DF545D7-CF74-4A41-AD96-525E6BC64A5A}.Debug|Any CPU.ActiveCfg = Debug|Any CPU
		{6DF545D7-CF74-4A41-AD96-525E6BC64A5A}.Debug|Any CPU.Build.0 = Debug|Any CPU
		{6DF545D7-CF74-4A41-AD96-525E6BC64A5A}.Release|Any CPU.ActiveCfg = Release|Any CPU
		{6DF545D7-CF74-4A41-AD96-525E6BC64A5A}.Release|Any CPU.Build.0 = Release|Any CPU
		{039D9FBA-CF29-4852-A84A-B361A718CF4E}.Debug|Any CPU.ActiveCfg = Debug|Any CPU
		{039D9FBA-CF29-4852-A84A-B361A718CF4E}.Debug|Any CPU.Build.0 = Debug|Any CPU
		{039D9FBA-CF29-4852-A84A-B361A718CF4E}.Release|Any CPU.ActiveCfg = Release|Any CPU
		{039D9FBA-CF29-4852-A84A-B361A718CF4E}.Release|Any CPU.Build.0 = Release|Any CPU
		{435CD137-AD8A-461C-87F4-61CDB4354652}.Debug|Any CPU.ActiveCfg = Debug|Any CPU
		{435CD137-AD8A-461C-87F4-61CDB4354652}.Debug|Any CPU.Build.0 = Debug|Any CPU
		{435CD137-AD8A-461C-87F4-61CDB4354652}.Release|Any CPU.ActiveCfg = Release|Any CPU
		{435CD137-AD8A-461C-87F4-61CDB4354652}.Release|Any CPU.Build.0 = Release|Any CPU
		{DCEAD66D-B1BE-4DBB-820B-83E4A79005D5}.Debug|Any CPU.ActiveCfg = Debug|Any CPU
		{DCEAD66D-B1BE-4DBB-820B-83E4A79005D5}.Debug|Any CPU.Build.0 = Debug|Any CPU
		{DCEAD66D-B1BE-4DBB-820B-83E4A79005D5}.Release|Any CPU.ActiveCfg = Release|Any CPU
		{DCEAD66D-B1BE-4DBB-820B-83E4A79005D5}.Release|Any CPU.Build.0 = Release|Any CPU
		{B818373F-598B-41DD-8C82-A8B8CFF05DC7}.Debug|Any CPU.ActiveCfg = Debug|Any CPU
		{B818373F-598B-41DD-8C82-A8B8CFF05DC7}.Debug|Any CPU.Build.0 = Debug|Any CPU
		{B818373F-598B-41DD-8C82-A8B8CFF05DC7}.Release|Any CPU.ActiveCfg = Release|Any CPU
		{B818373F-598B-41DD-8C82-A8B8CFF05DC7}.Release|Any CPU.Build.0 = Release|Any CPU
		{6C22715B-49F6-4A38-9023-B0E3C2BB31C1}.Debug|Any CPU.ActiveCfg = Debug|Any CPU
		{6C22715B-49F6-4A38-9023-B0E3C2BB31C1}.Debug|Any CPU.Build.0 = Debug|Any CPU
		{6C22715B-49F6-4A38-9023-B0E3C2BB31C1}.Release|Any CPU.ActiveCfg = Release|Any CPU
		{6C22715B-49F6-4A38-9023-B0E3C2BB31C1}.Release|Any CPU.Build.0 = Release|Any CPU
		{CC8D64B8-9882-4F72-97FB-6A6F91E76B89}.Debug|Any CPU.ActiveCfg = Debug|Any CPU
		{CC8D64B8-9882-4F72-97FB-6A6F91E76B89}.Debug|Any CPU.Build.0 = Debug|Any CPU
		{CC8D64B8-9882-4F72-97FB-6A6F91E76B89}.Release|Any CPU.ActiveCfg = Release|Any CPU
		{CC8D64B8-9882-4F72-97FB-6A6F91E76B89}.Release|Any CPU.Build.0 = Release|Any CPU
		{380AD270-985D-41EE-93D3-559643CC4AC0}.Debug|Any CPU.ActiveCfg = Debug|Any CPU
		{380AD270-985D-41EE-93D3-559643CC4AC0}.Debug|Any CPU.Build.0 = Debug|Any CPU
		{380AD270-985D-41EE-93D3-559643CC4AC0}.Release|Any CPU.ActiveCfg = Release|Any CPU
		{380AD270-985D-41EE-93D3-559643CC4AC0}.Release|Any CPU.Build.0 = Release|Any CPU
		{27DEBAB3-C10D-433E-9980-7112FB927A20}.Debug|Any CPU.ActiveCfg = Debug|Any CPU
		{27DEBAB3-C10D-433E-9980-7112FB927A20}.Debug|Any CPU.Build.0 = Debug|Any CPU
		{27DEBAB3-C10D-433E-9980-7112FB927A20}.Release|Any CPU.ActiveCfg = Release|Any CPU
		{27DEBAB3-C10D-433E-9980-7112FB927A20}.Release|Any CPU.Build.0 = Release|Any CPU
		{84BDBF08-1DC4-4A9C-BBBD-21E7AA50EE2E}.Debug|Any CPU.ActiveCfg = Debug|Any CPU
		{84BDBF08-1DC4-4A9C-BBBD-21E7AA50EE2E}.Debug|Any CPU.Build.0 = Debug|Any CPU
		{84BDBF08-1DC4-4A9C-BBBD-21E7AA50EE2E}.Release|Any CPU.ActiveCfg = Release|Any CPU
		{84BDBF08-1DC4-4A9C-BBBD-21E7AA50EE2E}.Release|Any CPU.Build.0 = Release|Any CPU
		{8BBEE860-8DAC-41AB-8581-44DF425D492D}.Debug|Any CPU.ActiveCfg = Debug|Any CPU
		{8BBEE860-8DAC-41AB-8581-44DF425D492D}.Debug|Any CPU.Build.0 = Debug|Any CPU
		{8BBEE860-8DAC-41AB-8581-44DF425D492D}.Release|Any CPU.ActiveCfg = Release|Any CPU
		{8BBEE860-8DAC-41AB-8581-44DF425D492D}.Release|Any CPU.Build.0 = Release|Any CPU
		{DDFDF01C-A8B8-4183-89A7-EEC32BA93272}.Debug|Any CPU.ActiveCfg = Debug|Any CPU
		{DDFDF01C-A8B8-4183-89A7-EEC32BA93272}.Debug|Any CPU.Build.0 = Debug|Any CPU
		{DDFDF01C-A8B8-4183-89A7-EEC32BA93272}.Release|Any CPU.ActiveCfg = Release|Any CPU
		{DDFDF01C-A8B8-4183-89A7-EEC32BA93272}.Release|Any CPU.Build.0 = Release|Any CPU
	EndGlobalSection
	GlobalSection(SolutionProperties) = preSolution
		HideSolutionNode = FALSE
	EndGlobalSection
EndGlobal
