
Microsoft Visual Studio Solution File, Format Version 12.00
# Visual Studio 14
VisualStudioVersion = 14.0.24720.0
MinimumVisualStudioVersion = 10.0.40219.1
Project("{FAE04EC0-301F-11D3-BF4B-00C04F79EFBC}") = "TestsHost", "TestsHost\TestsHost.csproj", "{8B8E8509-4477-49CE-BC83-038C2AAF2277}"
	ProjectSection(ProjectDependencies) = postProject
		{435CD137-AD8A-461C-87F4-61CDB4354652} = {435CD137-AD8A-461C-87F4-61CDB4354652}
		{DCEAD66D-B1BE-4DBB-820B-83E4A79005D5} = {DCEAD66D-B1BE-4DBB-820B-83E4A79005D5}
		{039D9FBA-CF29-4852-A84A-B361A718CF4E} = {039D9FBA-CF29-4852-A84A-B361A718CF4E}
		{6DF545D7-CF74-4A41-AD96-525E6BC64A5A} = {6DF545D7-CF74-4A41-AD96-525E6BC64A5A}
	EndProjectSection
EndProject
Project("{FAE04EC0-301F-11D3-BF4B-00C04F79EFBC}") = "IntermediateData", "IntermediateData\IntermediateData.csproj", "{671FA580-CC30-48E9-A44C-B5B4D4124AEB}"
EndProject
Project("{FAE04EC0-301F-11D3-BF4B-00C04F79EFBC}") = "ScenarioAsync", "ScenarioAsync\ScenarioAsync.csproj", "{6DF545D7-CF74-4A41-AD96-525E6BC64A5A}"
EndProject
Project("{FAE04EC0-301F-11D3-BF4B-00C04F79EFBC}") = "ScenarioSyncAsParallel", "ScenarioSyncAsParallel\ScenarioSyncAsParallel.csproj", "{039D9FBA-CF29-4852-A84A-B361A718CF4E}"
EndProject
Project("{FAE04EC0-301F-11D3-BF4B-00C04F79EFBC}") = "ScenarioNewThread", "ScenarioNewThread\ScenarioNewThread.csproj", "{435CD137-AD8A-461C-87F4-61CDB4354652}"
EndProject
Project("{FAE04EC0-301F-11D3-BF4B-00C04F79EFBC}") = "ScenarioAsync2", "ScenarioAsync2\ScenarioAsync2.csproj", "{DCEAD66D-B1BE-4DBB-820B-83E4A79005D5}"
EndProject
Global
	GlobalSection(SolutionConfigurationPlatforms) = preSolution
		Debug|Any CPU = Debug|Any CPU
		Release|Any CPU = Release|Any CPU
	EndGlobalSection
	GlobalSection(ProjectConfigurationPlatforms) = postSolution
		{8B8E8509-4477-49CE-BC83-038C2AAF2277}.Debug|Any CPU.ActiveCfg = Debug|Any CPU
		{8B8E8509-4477-49CE-BC83-038C2AAF2277}.Debug|Any CPU.Build.0 = Debug|Any CPU
		{8B8E8509-4477-49CE-BC83-038C2AAF2277}.Release|Any CPU.ActiveCfg = Release|Any CPU
		{8B8E8509-4477-49CE-BC83-038C2AAF2277}.Release|Any CPU.Build.0 = Release|Any CPU
		{671FA580-CC30-48E9-A44C-B5B4D4124AEB}.Debug|Any CPU.ActiveCfg = Debug|Any CPU
		{671FA580-CC30-48E9-A44C-B5B4D4124AEB}.Debug|Any CPU.Build.0 = Debug|Any CPU
		{671FA580-CC30-48E9-A44C-B5B4D4124AEB}.Release|Any CPU.ActiveCfg = Release|Any CPU
		{671FA580-CC30-48E9-A44C-B5B4D4124AEB}.Release|Any CPU.Build.0 = Release|Any CPU
		{6DF545D7-CF74-4A41-AD96-525E6BC64A5A}.Debug|Any CPU.ActiveCfg = Debug|Any CPU
		{6DF545D7-CF74-4A41-AD96-525E6BC64A5A}.Debug|Any CPU.Build.0 = Debug|Any CPU
		{6DF545D7-CF74-4A41-AD96-525E6BC64A5A}.Release|Any CPU.ActiveCfg = Release|Any CPU
		{6DF545D7-CF74-4A41-AD96-525E6BC64A5A}.Release|Any CPU.Build.0 = Release|Any CPU
		{039D9FBA-CF29-4852-A84A-B361A718CF4E}.Debug|Any CPU.ActiveCfg = Debug|Any CPU
		{039D9FBA-CF29-4852-A84A-B361A718CF4E}.Debug|Any CPU.Build.0 = Debug|Any CPU
		{039D9FBA-CF29-4852-A84A-B361A718CF4E}.Release|Any CPU.ActiveCfg = Release|Any CPU
		{039D9FBA-CF29-4852-A84A-B361A718CF4E}.Release|Any CPU.Build.0 = Release|Any CPU
		{435CD137-AD8A-461C-87F4-61CDB4354652}.Debug|Any CPU.ActiveCfg = Debug|Any CPU
		{435CD137-AD8A-461C-87F4-61CDB4354652}.Debug|Any CPU.Build.0 = Debug|Any CPU
		{435CD137-AD8A-461C-87F4-61CDB4354652}.Release|Any CPU.ActiveCfg = Release|Any CPU
		{435CD137-AD8A-461C-87F4-61CDB4354652}.Release|Any CPU.Build.0 = Release|Any CPU
		{DCEAD66D-B1BE-4DBB-820B-83E4A79005D5}.Debug|Any CPU.ActiveCfg = Debug|Any CPU
		{DCEAD66D-B1BE-4DBB-820B-83E4A79005D5}.Debug|Any CPU.Build.0 = Debug|Any CPU
		{DCEAD66D-B1BE-4DBB-820B-83E4A79005D5}.Release|Any CPU.ActiveCfg = Release|Any CPU
		{DCEAD66D-B1BE-4DBB-820B-83E4A79005D5}.Release|Any CPU.Build.0 = Release|Any CPU
	EndGlobalSection
	GlobalSection(SolutionProperties) = preSolution
		HideSolutionNode = FALSE
	EndGlobalSection
EndGlobal
